
Microsoft Visual Studio Solution File, Format Version 12.00
# Visual Studio Version 17
VisualStudioVersion = 17.12.35707.178
MinimumVisualStudioVersion = 10.0.40219.1
Project("{9A19103F-16F7-4668-BE54-9A1E7A4F7556}") = "Vic3FlagDesigner", "Vic3FlagDesigner\Vic3FlagDesigner.csproj", "{1918D2BC-6F83-4795-9500-2B18BE96FADF}"
EndProject
Global
	GlobalSection(SolutionConfigurationPlatforms) = preSolution
		Debug|Any CPU = Debug|Any CPU
		Release|Any CPU = Release|Any CPU
	EndGlobalSection
	GlobalSection(ProjectConfigurationPlatforms) = postSolution
		{1918D2BC-6F83-4795-9500-2B18BE96FADF}.Debug|Any CPU.ActiveCfg = Debug|Any CPU
		{1918D2BC-6F83-4795-9500-2B18BE96FADF}.Debug|Any CPU.Build.0 = Debug|Any CPU
		{1918D2BC-6F83-4795-9500-2B18BE96FADF}.Release|Any CPU.ActiveCfg = Release|Any CPU
		{1918D2BC-6F83-4795-9500-2B18BE96FADF}.Release|Any CPU.Build.0 = Release|Any CPU
	EndGlobalSection
	GlobalSection(SolutionProperties) = preSolution
		HideSolutionNode = FALSE
	EndGlobalSection
	GlobalSection(ExtensibilityGlobals) = postSolution
		SolutionGuid = {39899EC6-BB65-48F2-A1B6-B48DA37E9384}
	EndGlobalSection
EndGlobal
